
Microsoft Visual Studio Solution File, Format Version 12.00
# Visual Studio Version 17
VisualStudioVersion = 17.7.34221.43
MinimumVisualStudioVersion = 10.0.40219.1
Project("{FAE04EC0-301F-11D3-BF4B-00C04F79EFBC}") = "AuroraAPI", "AuroraAPI\AuroraAPI.csproj", "{27D97C33-F910-416E-820E-FE7467DB6F40}"
EndProject
Global
	GlobalSection(SolutionConfigurationPlatforms) = preSolution
		Debug|Any CPU = Debug|Any CPU
		Release|Any CPU = Release|Any CPU
	EndGlobalSection
	GlobalSection(ProjectConfigurationPlatforms) = postSolution
		{27D97C33-F910-416E-820E-FE7467DB6F40}.Debug|Any CPU.ActiveCfg = Debug|Any CPU
		{27D97C33-F910-416E-820E-FE7467DB6F40}.Debug|Any CPU.Build.0 = Debug|Any CPU
		{27D97C33-F910-416E-820E-FE7467DB6F40}.Release|Any CPU.ActiveCfg = Release|Any CPU
		{27D97C33-F910-416E-820E-FE7467DB6F40}.Release|Any CPU.Build.0 = Release|Any CPU
	EndGlobalSection
	GlobalSection(SolutionProperties) = preSolution
		HideSolutionNode = FALSE
	EndGlobalSection
	GlobalSection(ExtensibilityGlobals) = postSolution
		SolutionGuid = {A324D915-F657-408F-A61B-D6B866AC02B3}
	EndGlobalSection
EndGlobal
